
Microsoft Visual Studio Solution File, Format Version 11.00
# Visual C++ Express 2010
Project("{8BC9CEB8-8B4A-11D0-8D11-00A0C91BC942}") = "1002", "1002\1002.vcxproj", "{9562E577-F555-4475-8EB9-4C1F82B87EBE}"
EndProject
Global
	GlobalSection(SolutionConfigurationPlatforms) = preSolution
		Debug|Win32 = Debug|Win32
		Release|Win32 = Release|Win32
	EndGlobalSection
	GlobalSection(ProjectConfigurationPlatforms) = postSolution
		{9562E577-F555-4475-8EB9-4C1F82B87EBE}.Debug|Win32.ActiveCfg = Debug|Win32
		{9562E577-F555-4475-8EB9-4C1F82B87EBE}.Debug|Win32.Build.0 = Debug|Win32
		{9562E577-F555-4475-8EB9-4C1F82B87EBE}.Release|Win32.ActiveCfg = Release|Win32
		{9562E577-F555-4475-8EB9-4C1F82B87EBE}.Release|Win32.Build.0 = Release|Win32
	EndGlobalSection
	GlobalSection(SolutionProperties) = preSolution
		HideSolutionNode = FALSE
	EndGlobalSection
EndGlobal
